
Microsoft Visual Studio Solution File, Format Version 12.00
# Visual Studio Version 17
VisualStudioVersion = 17.0.31903.59
MinimumVisualStudioVersion = 10.0.40219.1
Project("{9A19103F-16F7-4668-BE54-9A1E7A4F7556}") = "Oxit.Core", "Oxit.Core\Oxit.Core.csproj", "{56BCD026-9380-45BC-9C60-42ED927D9DA2}"
EndProject
Project("{9A19103F-16F7-4668-BE54-9A1E7A4F7556}") = "Oxit.DataAccess", "Oxit.DataAccess\Oxit.DataAccess.csproj", "{8B6988C9-2B88-44B9-879F-E553BC3FF851}"
EndProject
Project("{9A19103F-16F7-4668-BE54-9A1E7A4F7556}") = "Oxit.Domain", "Oxit.Domain\Oxit.Domain.csproj", "{88507712-6965-4A7A-8122-7E61618508D0}"
EndProject
Project("{9A19103F-16F7-4668-BE54-9A1E7A4F7556}") = "Oxit.Domain.Models", "Oxit.Domain.Models\Oxit.Domain.Models.csproj", "{FE8BA794-8528-4DD9-B0B5-0CE09EFE2085}"
EndProject
Project("{2150E333-8FDC-42A3-9474-1A3956D46DE8}") = "Domain", "Domain", "{A216783E-422A-453A-926D-4E712C9FAE46}"
EndProject
Project("{2150E333-8FDC-42A3-9474-1A3956D46DE8}") = "API", "API", "{63D77393-D1DB-43AB-9489-27FBFDCE7FA6}"
EndProject
Project("{9A19103F-16F7-4668-BE54-9A1E7A4F7556}") = "Oxit.Infrastructure", "Oxit.Infrastructure\Oxit.Infrastructure.csproj", "{85A52369-CD48-4EC4-925C-FAB658E9860C}"
EndProject
Project("{9A19103F-16F7-4668-BE54-9A1E7A4F7556}") = "Oxit.Domain.ViewModels", "Oxit.Domain.DTOs\Oxit.Domain.ViewModels.csproj", "{6D53F806-A3E1-4F46-97E5-59AF9FE9294E}"
EndProject
Project("{9A19103F-16F7-4668-BE54-9A1E7A4F7556}") = "Oxit.API.Web.Public", "Oxit.API.Web.Public\Oxit.API.Web.Public.csproj", "{A391AF81-C1AC-4514-973F-39D4C3311623}"
EndProject
Project("{9A19103F-16F7-4668-BE54-9A1E7A4F7556}") = "Oxit.API.Web.Panel", "Oxit.API.Web.Panel\Oxit.API.Web.Panel.csproj", "{808C0F3F-2ABC-49A0-A249-23156B70E16A}"
EndProject
Project("{9A19103F-16F7-4668-BE54-9A1E7A4F7556}") = "Oxit.API.Mobile", "Oxit.API.Mobile\Oxit.API.Mobile.csproj", "{C91F419A-AD76-4BD4-8AC6-A6E7F60B1492}"
EndProject
Project("{9A19103F-16F7-4668-BE54-9A1E7A4F7556}") = "Oxit.API.Shared", "Oxit.API.Shared\Oxit.API.Shared.csproj", "{4DF15880-4DEB-493A-A91C-998DCF604229}"
EndProject
Project("{2150E333-8FDC-42A3-9474-1A3956D46DE8}") = "Common", "Common", "{7498CE1E-E235-4F00-ACDD-4B1EF581592F}"
EndProject
Project("{9A19103F-16F7-4668-BE54-9A1E7A4F7556}") = "Oxit.Common.Models", "Oxit.Common.Models\Oxit.Common.Models.csproj", "{07CBBCEE-27CC-4ED0-A553-F1E4DD42CE29}"
EndProject
Project("{9A19103F-16F7-4668-BE54-9A1E7A4F7556}") = "Oxit.Common.ViewModels", "Oxit.Common.DTOs\Oxit.Common.ViewModels.csproj", "{DF03739A-479E-4930-AAC0-3E060438D18A}"
EndProject
Project("{2150E333-8FDC-42A3-9474-1A3956D46DE8}") = "Web", "Web", "{DDB4B64A-5727-4822-AE97-F7761A9EF992}"
EndProject
Project("{9A19103F-16F7-4668-BE54-9A1E7A4F7556}") = "Oxit.Web.Public", "Oxit.Web.Public\Oxit.Web.Public.csproj", "{B3938800-14B7-4F1A-95FB-EA9F3EB76421}"
EndProject
Project("{9A19103F-16F7-4668-BE54-9A1E7A4F7556}") = "Oxit.Web.Admin", "Oxit.Web.Admin\Oxit.Web.Admin.csproj", "{30784C7C-CE9A-4FBD-9CBE-154B701B83CA}"
EndProject
Project("{9A19103F-16F7-4668-BE54-9A1E7A4F7556}") = "Oxit.Common.Exception", "Oxit.Common.Exception\Oxit.Common.Exception.csproj", "{F94A9CC3-9C51-4577-8946-263670DF3285}"
EndProject
Project("{9A19103F-16F7-4668-BE54-9A1E7A4F7556}") = "Oxit.Common.Automapper", "Oxit.Common.Automapper\Oxit.Common.Automapper.csproj", "{1AA9AED5-86DA-44B3-83EE-0BE85C92B672}"
EndProject
Project("{9A19103F-16F7-4668-BE54-9A1E7A4F7556}") = "Oxit.Common.DataAccess", "Oxit.Common.EntityFramework\Oxit.Common.DataAccess.csproj", "{2FF5A88D-A41A-4424-B41F-82EB6582437E}"
EndProject
Project("{9A19103F-16F7-4668-BE54-9A1E7A4F7556}") = "Oxit.Common.Domain", "Oxit.Common.Domain\Oxit.Common.Domain.csproj", "{F452DEF4-3557-478E-B853-8F44E26DD5B4}"
EndProject
Project("{FAE04EC0-301F-11D3-BF4B-00C04F79EFBC}") = "Oxit.Scheduling", "Oxit.Scheduling\Oxit.Scheduling.csproj", "{EFB4F45F-CCDF-4368-97D9-1BF3D97C662B}"
Project("{FAE04EC0-301F-11D3-BF4B-00C04F79EFBC}") = "Oxit.Domain.FluentValidation", "Oxit.Domain.FluentValidation\Oxit.Domain.FluentValidation.csproj", "{B6B4ACBE-A56A-451C-9AF6-99217218767E}"
EndProject
Global
	GlobalSection(SolutionConfigurationPlatforms) = preSolution
		Debug|Any CPU = Debug|Any CPU
		Release|Any CPU = Release|Any CPU
	EndGlobalSection
	GlobalSection(ProjectConfigurationPlatforms) = postSolution
		{56BCD026-9380-45BC-9C60-42ED927D9DA2}.Debug|Any CPU.ActiveCfg = Debug|Any CPU
		{56BCD026-9380-45BC-9C60-42ED927D9DA2}.Debug|Any CPU.Build.0 = Debug|Any CPU
		{56BCD026-9380-45BC-9C60-42ED927D9DA2}.Release|Any CPU.ActiveCfg = Release|Any CPU
		{56BCD026-9380-45BC-9C60-42ED927D9DA2}.Release|Any CPU.Build.0 = Release|Any CPU
		{8B6988C9-2B88-44B9-879F-E553BC3FF851}.Debug|Any CPU.ActiveCfg = Debug|Any CPU
		{8B6988C9-2B88-44B9-879F-E553BC3FF851}.Debug|Any CPU.Build.0 = Debug|Any CPU
		{8B6988C9-2B88-44B9-879F-E553BC3FF851}.Release|Any CPU.ActiveCfg = Release|Any CPU
		{8B6988C9-2B88-44B9-879F-E553BC3FF851}.Release|Any CPU.Build.0 = Release|Any CPU
		{88507712-6965-4A7A-8122-7E61618508D0}.Debug|Any CPU.ActiveCfg = Debug|Any CPU
		{88507712-6965-4A7A-8122-7E61618508D0}.Debug|Any CPU.Build.0 = Debug|Any CPU
		{88507712-6965-4A7A-8122-7E61618508D0}.Release|Any CPU.ActiveCfg = Release|Any CPU
		{88507712-6965-4A7A-8122-7E61618508D0}.Release|Any CPU.Build.0 = Release|Any CPU
		{FE8BA794-8528-4DD9-B0B5-0CE09EFE2085}.Debug|Any CPU.ActiveCfg = Debug|Any CPU
		{FE8BA794-8528-4DD9-B0B5-0CE09EFE2085}.Debug|Any CPU.Build.0 = Debug|Any CPU
		{FE8BA794-8528-4DD9-B0B5-0CE09EFE2085}.Release|Any CPU.ActiveCfg = Release|Any CPU
		{FE8BA794-8528-4DD9-B0B5-0CE09EFE2085}.Release|Any CPU.Build.0 = Release|Any CPU
		{85A52369-CD48-4EC4-925C-FAB658E9860C}.Debug|Any CPU.ActiveCfg = Debug|Any CPU
		{85A52369-CD48-4EC4-925C-FAB658E9860C}.Debug|Any CPU.Build.0 = Debug|Any CPU
		{85A52369-CD48-4EC4-925C-FAB658E9860C}.Release|Any CPU.ActiveCfg = Release|Any CPU
		{85A52369-CD48-4EC4-925C-FAB658E9860C}.Release|Any CPU.Build.0 = Release|Any CPU
		{6D53F806-A3E1-4F46-97E5-59AF9FE9294E}.Debug|Any CPU.ActiveCfg = Debug|Any CPU
		{6D53F806-A3E1-4F46-97E5-59AF9FE9294E}.Debug|Any CPU.Build.0 = Debug|Any CPU
		{6D53F806-A3E1-4F46-97E5-59AF9FE9294E}.Release|Any CPU.ActiveCfg = Release|Any CPU
		{6D53F806-A3E1-4F46-97E5-59AF9FE9294E}.Release|Any CPU.Build.0 = Release|Any CPU
		{A391AF81-C1AC-4514-973F-39D4C3311623}.Debug|Any CPU.ActiveCfg = Debug|Any CPU
		{A391AF81-C1AC-4514-973F-39D4C3311623}.Debug|Any CPU.Build.0 = Debug|Any CPU
		{A391AF81-C1AC-4514-973F-39D4C3311623}.Release|Any CPU.ActiveCfg = Release|Any CPU
		{A391AF81-C1AC-4514-973F-39D4C3311623}.Release|Any CPU.Build.0 = Release|Any CPU
		{808C0F3F-2ABC-49A0-A249-23156B70E16A}.Debug|Any CPU.ActiveCfg = Debug|Any CPU
		{808C0F3F-2ABC-49A0-A249-23156B70E16A}.Debug|Any CPU.Build.0 = Debug|Any CPU
		{808C0F3F-2ABC-49A0-A249-23156B70E16A}.Release|Any CPU.ActiveCfg = Release|Any CPU
		{808C0F3F-2ABC-49A0-A249-23156B70E16A}.Release|Any CPU.Build.0 = Release|Any CPU
		{C91F419A-AD76-4BD4-8AC6-A6E7F60B1492}.Debug|Any CPU.ActiveCfg = Debug|Any CPU
		{C91F419A-AD76-4BD4-8AC6-A6E7F60B1492}.Debug|Any CPU.Build.0 = Debug|Any CPU
		{C91F419A-AD76-4BD4-8AC6-A6E7F60B1492}.Release|Any CPU.ActiveCfg = Release|Any CPU
		{C91F419A-AD76-4BD4-8AC6-A6E7F60B1492}.Release|Any CPU.Build.0 = Release|Any CPU
		{4DF15880-4DEB-493A-A91C-998DCF604229}.Debug|Any CPU.ActiveCfg = Debug|Any CPU
		{4DF15880-4DEB-493A-A91C-998DCF604229}.Debug|Any CPU.Build.0 = Debug|Any CPU
		{4DF15880-4DEB-493A-A91C-998DCF604229}.Release|Any CPU.ActiveCfg = Release|Any CPU
		{4DF15880-4DEB-493A-A91C-998DCF604229}.Release|Any CPU.Build.0 = Release|Any CPU
		{07CBBCEE-27CC-4ED0-A553-F1E4DD42CE29}.Debug|Any CPU.ActiveCfg = Debug|Any CPU
		{07CBBCEE-27CC-4ED0-A553-F1E4DD42CE29}.Debug|Any CPU.Build.0 = Debug|Any CPU
		{07CBBCEE-27CC-4ED0-A553-F1E4DD42CE29}.Release|Any CPU.ActiveCfg = Release|Any CPU
		{07CBBCEE-27CC-4ED0-A553-F1E4DD42CE29}.Release|Any CPU.Build.0 = Release|Any CPU
		{DF03739A-479E-4930-AAC0-3E060438D18A}.Debug|Any CPU.ActiveCfg = Debug|Any CPU
		{DF03739A-479E-4930-AAC0-3E060438D18A}.Debug|Any CPU.Build.0 = Debug|Any CPU
		{DF03739A-479E-4930-AAC0-3E060438D18A}.Release|Any CPU.ActiveCfg = Release|Any CPU
		{DF03739A-479E-4930-AAC0-3E060438D18A}.Release|Any CPU.Build.0 = Release|Any CPU
		{B3938800-14B7-4F1A-95FB-EA9F3EB76421}.Debug|Any CPU.ActiveCfg = Debug|Any CPU
		{B3938800-14B7-4F1A-95FB-EA9F3EB76421}.Debug|Any CPU.Build.0 = Debug|Any CPU
		{B3938800-14B7-4F1A-95FB-EA9F3EB76421}.Release|Any CPU.ActiveCfg = Release|Any CPU
		{B3938800-14B7-4F1A-95FB-EA9F3EB76421}.Release|Any CPU.Build.0 = Release|Any CPU
		{30784C7C-CE9A-4FBD-9CBE-154B701B83CA}.Debug|Any CPU.ActiveCfg = Debug|Any CPU
		{30784C7C-CE9A-4FBD-9CBE-154B701B83CA}.Debug|Any CPU.Build.0 = Debug|Any CPU
		{30784C7C-CE9A-4FBD-9CBE-154B701B83CA}.Release|Any CPU.ActiveCfg = Release|Any CPU
		{30784C7C-CE9A-4FBD-9CBE-154B701B83CA}.Release|Any CPU.Build.0 = Release|Any CPU
		{F94A9CC3-9C51-4577-8946-263670DF3285}.Debug|Any CPU.ActiveCfg = Debug|Any CPU
		{F94A9CC3-9C51-4577-8946-263670DF3285}.Debug|Any CPU.Build.0 = Debug|Any CPU
		{F94A9CC3-9C51-4577-8946-263670DF3285}.Release|Any CPU.ActiveCfg = Release|Any CPU
		{F94A9CC3-9C51-4577-8946-263670DF3285}.Release|Any CPU.Build.0 = Release|Any CPU
		{1AA9AED5-86DA-44B3-83EE-0BE85C92B672}.Debug|Any CPU.ActiveCfg = Debug|Any CPU
		{1AA9AED5-86DA-44B3-83EE-0BE85C92B672}.Debug|Any CPU.Build.0 = Debug|Any CPU
		{1AA9AED5-86DA-44B3-83EE-0BE85C92B672}.Release|Any CPU.ActiveCfg = Release|Any CPU
		{1AA9AED5-86DA-44B3-83EE-0BE85C92B672}.Release|Any CPU.Build.0 = Release|Any CPU
		{2FF5A88D-A41A-4424-B41F-82EB6582437E}.Debug|Any CPU.ActiveCfg = Debug|Any CPU
		{2FF5A88D-A41A-4424-B41F-82EB6582437E}.Debug|Any CPU.Build.0 = Debug|Any CPU
		{2FF5A88D-A41A-4424-B41F-82EB6582437E}.Release|Any CPU.ActiveCfg = Release|Any CPU
		{2FF5A88D-A41A-4424-B41F-82EB6582437E}.Release|Any CPU.Build.0 = Release|Any CPU
		{F452DEF4-3557-478E-B853-8F44E26DD5B4}.Debug|Any CPU.ActiveCfg = Debug|Any CPU
		{F452DEF4-3557-478E-B853-8F44E26DD5B4}.Debug|Any CPU.Build.0 = Debug|Any CPU
		{F452DEF4-3557-478E-B853-8F44E26DD5B4}.Release|Any CPU.ActiveCfg = Release|Any CPU
		{F452DEF4-3557-478E-B853-8F44E26DD5B4}.Release|Any CPU.Build.0 = Release|Any CPU
		{EFB4F45F-CCDF-4368-97D9-1BF3D97C662B}.Debug|Any CPU.ActiveCfg = Debug|Any CPU
		{EFB4F45F-CCDF-4368-97D9-1BF3D97C662B}.Debug|Any CPU.Build.0 = Debug|Any CPU
		{EFB4F45F-CCDF-4368-97D9-1BF3D97C662B}.Release|Any CPU.ActiveCfg = Release|Any CPU
		{EFB4F45F-CCDF-4368-97D9-1BF3D97C662B}.Release|Any CPU.Build.0 = Release|Any CPU
		{B6B4ACBE-A56A-451C-9AF6-99217218767E}.Debug|Any CPU.ActiveCfg = Debug|Any CPU
		{B6B4ACBE-A56A-451C-9AF6-99217218767E}.Debug|Any CPU.Build.0 = Debug|Any CPU
		{B6B4ACBE-A56A-451C-9AF6-99217218767E}.Release|Any CPU.ActiveCfg = Release|Any CPU
		{B6B4ACBE-A56A-451C-9AF6-99217218767E}.Release|Any CPU.Build.0 = Release|Any CPU
	EndGlobalSection
	GlobalSection(SolutionProperties) = preSolution
		HideSolutionNode = FALSE
	EndGlobalSection
	GlobalSection(NestedProjects) = preSolution
		{88507712-6965-4A7A-8122-7E61618508D0} = {A216783E-422A-453A-926D-4E712C9FAE46}
		{FE8BA794-8528-4DD9-B0B5-0CE09EFE2085} = {A216783E-422A-453A-926D-4E712C9FAE46}
		{6D53F806-A3E1-4F46-97E5-59AF9FE9294E} = {A216783E-422A-453A-926D-4E712C9FAE46}
		{A391AF81-C1AC-4514-973F-39D4C3311623} = {63D77393-D1DB-43AB-9489-27FBFDCE7FA6}
		{808C0F3F-2ABC-49A0-A249-23156B70E16A} = {63D77393-D1DB-43AB-9489-27FBFDCE7FA6}
		{C91F419A-AD76-4BD4-8AC6-A6E7F60B1492} = {63D77393-D1DB-43AB-9489-27FBFDCE7FA6}
		{4DF15880-4DEB-493A-A91C-998DCF604229} = {63D77393-D1DB-43AB-9489-27FBFDCE7FA6}
		{07CBBCEE-27CC-4ED0-A553-F1E4DD42CE29} = {7498CE1E-E235-4F00-ACDD-4B1EF581592F}
		{DF03739A-479E-4930-AAC0-3E060438D18A} = {7498CE1E-E235-4F00-ACDD-4B1EF581592F}
		{B3938800-14B7-4F1A-95FB-EA9F3EB76421} = {DDB4B64A-5727-4822-AE97-F7761A9EF992}
		{30784C7C-CE9A-4FBD-9CBE-154B701B83CA} = {DDB4B64A-5727-4822-AE97-F7761A9EF992}
		{F94A9CC3-9C51-4577-8946-263670DF3285} = {7498CE1E-E235-4F00-ACDD-4B1EF581592F}
		{1AA9AED5-86DA-44B3-83EE-0BE85C92B672} = {7498CE1E-E235-4F00-ACDD-4B1EF581592F}
		{2FF5A88D-A41A-4424-B41F-82EB6582437E} = {7498CE1E-E235-4F00-ACDD-4B1EF581592F}
		{F452DEF4-3557-478E-B853-8F44E26DD5B4} = {7498CE1E-E235-4F00-ACDD-4B1EF581592F}
		{B6B4ACBE-A56A-451C-9AF6-99217218767E} = {A216783E-422A-453A-926D-4E712C9FAE46}
	EndGlobalSection
	GlobalSection(ExtensibilityGlobals) = postSolution
		SolutionGuid = {6174F6B6-9673-4500-94A3-D69FD683F536}
	EndGlobalSection
EndGlobal
